// !$*UTF8*$!
{
	archiveVersion = 1;
	classes = {
	};
	objectVersion = 50;
	objects = {

/* Begin PBXBuildFile section */
		30FBA89123F1F61B000B823C /* AppDelegate.swift in Sources */ = {isa = PBXBuildFile; fileRef = 30FBA89023F1F61B000B823C /* AppDelegate.swift */; };
		30FBA89323F1F61B000B823C /* SceneDelegate.swift in Sources */ = {isa = PBXBuildFile; fileRef = 30FBA89223F1F61B000B823C /* SceneDelegate.swift */; };
		30FBA89523F1F61B000B823C /* ViewController.swift in Sources */ = {isa = PBXBuildFile; fileRef = 30FBA89423F1F61B000B823C /* ViewController.swift */; };
		30FBA89823F1F61B000B823C /* Main.storyboard in Resources */ = {isa = PBXBuildFile; fileRef = 30FBA89623F1F61B000B823C /* Main.storyboard */; };
		30FBA89A23F1F621000B823C /* Assets.xcassets in Resources */ = {isa = PBXBuildFile; fileRef = 30FBA89923F1F621000B823C /* Assets.xcassets */; };
		30FBA89D23F1F621000B823C /* LaunchScreen.storyboard in Resources */ = {isa = PBXBuildFile; fileRef = 30FBA89B23F1F621000B823C /* LaunchScreen.storyboard */; };
		30FBA8A823F1F621000B823C /* FlixTests.swift in Sources */ = {isa = PBXBuildFile; fileRef = 30FBA8A723F1F621000B823C /* FlixTests.swift */; };
		30FBA8B323F1F621000B823C /* FlixUITests.swift in Sources */ = {isa = PBXBuildFile; fileRef = 30FBA8B223F1F621000B823C /* FlixUITests.swift */; };
/* End PBXBuildFile section */

/* Begin PBXContainerItemProxy section */
		30FBA8A423F1F621000B823C /* PBXContainerItemProxy */ = {
			isa = PBXContainerItemProxy;
			containerPortal = 30FBA88523F1F61B000B823C /* Project object */;
			proxyType = 1;
			remoteGlobalIDString = 30FBA88C23F1F61B000B823C;
			remoteInfo = Flix;
		};
		30FBA8AF23F1F621000B823C /* PBXContainerItemProxy */ = {
			isa = PBXContainerItemProxy;
			containerPortal = 30FBA88523F1F61B000B823C /* Project object */;
			proxyType = 1;
			remoteGlobalIDString = 30FBA88C23F1F61B000B823C;
			remoteInfo = Flix;
		};
/* End PBXContainerItemProxy section */

/* Begin PBXFileReference section */
		30FBA88D23F1F61B000B823C /* Flix.app */ = {isa = PBXFileReference; explicitFileType = wrapper.application; includeInIndex = 0; path = Flix.app; sourceTree = BUILT_PRODUCTS_DIR; };
		30FBA89023F1F61B000B823C /* AppDelegate.swift */ = {isa = PBXFileReference; lastKnownFileType = sourcecode.swift; path = AppDelegate.swift; sourceTree = "<group>"; };
		30FBA89223F1F61B000B823C /* SceneDelegate.swift */ = {isa = PBXFileReference; lastKnownFileType = sourcecode.swift; path = SceneDelegate.swift; sourceTree = "<group>"; };
		30FBA89423F1F61B000B823C /* ViewController.swift */ = {isa = PBXFileReference; lastKnownFileType = sourcecode.swift; path = ViewController.swift; sourceTree = "<group>"; };
		30FBA89723F1F61B000B823C /* Base */ = {isa = PBXFileReference; lastKnownFileType = file.storyboard; name = Base; path = Base.lproj/Main.storyboard; sourceTree = "<group>"; };
		30FBA89923F1F621000B823C /* Assets.xcassets */ = {isa = PBXFileReference; lastKnownFileType = folder.assetcatalog; path = Assets.xcassets; sourceTree = "<group>"; };
		30FBA89C23F1F621000B823C /* Base */ = {isa = PBXFileReference; lastKnownFileType = file.storyboard; name = Base; path = Base.lproj/LaunchScreen.storyboard; sourceTree = "<group>"; };
		30FBA89E23F1F621000B823C /* Info.plist */ = {isa = PBXFileReference; lastKnownFileType = text.plist.xml; path = Info.plist; sourceTree = "<group>"; };
		30FBA8A323F1F621000B823C /* FlixTests.xctest */ = {isa = PBXFileReference; explicitFileType = wrapper.cfbundle; includeInIndex = 0; path = FlixTests.xctest; sourceTree = BUILT_PRODUCTS_DIR; };
		30FBA8A723F1F621000B823C /* FlixTests.swift */ = {isa = PBXFileReference; lastKnownFileType = sourcecode.swift; path = FlixTests.swift; sourceTree = "<group>"; };
		30FBA8A923F1F621000B823C /* Info.plist */ = {isa = PBXFileReference; lastKnownFileType = text.plist.xml; path = Info.plist; sourceTree = "<group>"; };
		30FBA8AE23F1F621000B823C /* FlixUITests.xctest */ = {isa = PBXFileReference; explicitFileType = wrapper.cfbundle; includeInIndex = 0; path = FlixUITests.xctest; sourceTree = BUILT_PRODUCTS_DIR; };
		30FBA8B223F1F621000B823C /* FlixUITests.swift */ = {isa = PBXFileReference; lastKnownFileType = sourcecode.swift; path = FlixUITests.swift; sourceTree = "<group>"; };
		30FBA8B423F1F621000B823C /* Info.plist */ = {isa = PBXFileReference; lastKnownFileType = text.plist.xml; path = Info.plist; sourceTree = "<group>"; };
/* End PBXFileReference section */

/* Begin PBXFrameworksBuildPhase section */
		30FBA88A23F1F61B000B823C /* Frameworks */ = {
			isa = PBXFrameworksBuildPhase;
			buildActionMask = 2147483647;
			files = (
			);
			runOnlyForDeploymentPostprocessing = 0;
		};
		30FBA8A023F1F621000B823C /* Frameworks */ = {
			isa = PBXFrameworksBuildPhase;
			buildActionMask = 2147483647;
			files = (
			);
			runOnlyForDeploymentPostprocessing = 0;
		};
		30FBA8AB23F1F621000B823C /* Frameworks */ = {
			isa = PBXFrameworksBuildPhase;
			buildActionMask = 2147483647;
			files = (
			);
			runOnlyForDeploymentPostprocessing = 0;
		};
/* End PBXFrameworksBuildPhase section */

/* Begin PBXGroup section */
		30FBA88423F1F61B000B823C = {
			isa = PBXGroup;
			children = (
				30FBA88F23F1F61B000B823C /* Flix */,
				30FBA8A623F1F621000B823C /* FlixTests */,
				30FBA8B123F1F621000B823C /* FlixUITests */,
				30FBA88E23F1F61B000B823C /* Products */,
			);
			sourceTree = "<group>";
		};
		30FBA88E23F1F61B000B823C /* Products */ = {
			isa = PBXGroup;
			children = (
				30FBA88D23F1F61B000B823C /* Flix.app */,
				30FBA8A323F1F621000B823C /* FlixTests.xctest */,
				30FBA8AE23F1F621000B823C /* FlixUITests.xctest */,
			);
			name = Products;
			sourceTree = "<group>";
		};
		30FBA88F23F1F61B000B823C /* Flix */ = {
			isa = PBXGroup;
			children = (
				30FBA89023F1F61B000B823C /* AppDelegate.swift */,
				30FBA89223F1F61B000B823C /* SceneDelegate.swift */,
				30FBA89423F1F61B000B823C /* ViewController.swift */,
				30FBA89623F1F61B000B823C /* Main.storyboard */,
				30FBA89923F1F621000B823C /* Assets.xcassets */,
				30FBA89B23F1F621000B823C /* LaunchScreen.storyboard */,
				30FBA89E23F1F621000B823C /* Info.plist */,
			);
			path = Flix;
			sourceTree = "<group>";
		};
		30FBA8A623F1F621000B823C /* FlixTests */ = {
			isa = PBXGroup;
			children = (
				30FBA8A723F1F621000B823C /* FlixTests.swift */,
				30FBA8A923F1F621000B823C /* Info.plist */,
			);
			path = FlixTests;
			sourceTree = "<group>";
		};
		30FBA8B123F1F621000B823C /* FlixUITests */ = {
			isa = PBXGroup;
			children = (
				30FBA8B223F1F621000B823C /* FlixUITests.swift */,
				30FBA8B423F1F621000B823C /* Info.plist */,
			);
			path = FlixUITests;
			sourceTree = "<group>";
		};
/* End PBXGroup section */

/* Begin PBXNativeTarget section */
		30FBA88C23F1F61B000B823C /* Flix */ = {
			isa = PBXNativeTarget;
			buildConfigurationList = 30FBA8B723F1F621000B823C /* Build configuration list for PBXNativeTarget "Flix" */;
			buildPhases = (
				30FBA88923F1F61B000B823C /* Sources */,
				30FBA88A23F1F61B000B823C /* Frameworks */,
				30FBA88B23F1F61B000B823C /* Resources */,
			);
			buildRules = (
			);
			dependencies = (
			);
			name = Flix;
			productName = Flix;
			productReference = 30FBA88D23F1F61B000B823C /* Flix.app */;
			productType = "com.apple.product-type.application";
		};
		30FBA8A223F1F621000B823C /* FlixTests */ = {
			isa = PBXNativeTarget;
			buildConfigurationList = 30FBA8BA23F1F621000B823C /* Build configuration list for PBXNativeTarget "FlixTests" */;
			buildPhases = (
				30FBA89F23F1F621000B823C /* Sources */,
				30FBA8A023F1F621000B823C /* Frameworks */,
				30FBA8A123F1F621000B823C /* Resources */,
			);
			buildRules = (
			);
			dependencies = (
				30FBA8A523F1F621000B823C /* PBXTargetDependency */,
			);
			name = FlixTests;
			productName = FlixTests;
			productReference = 30FBA8A323F1F621000B823C /* FlixTests.xctest */;
			productType = "com.apple.product-type.bundle.unit-test";
		};
		30FBA8AD23F1F621000B823C /* FlixUITests */ = {
			isa = PBXNativeTarget;
			buildConfigurationList = 30FBA8BD23F1F621000B823C /* Build configuration list for PBXNativeTarget "FlixUITests" */;
			buildPhases = (
				30FBA8AA23F1F621000B823C /* Sources */,
				30FBA8AB23F1F621000B823C /* Frameworks */,
				30FBA8AC23F1F621000B823C /* Resources */,
			);
			buildRules = (
			);
			dependencies = (
				30FBA8B023F1F621000B823C /* PBXTargetDependency */,
			);
			name = FlixUITests;
			productName = FlixUITests;
			productReference = 30FBA8AE23F1F621000B823C /* FlixUITests.xctest */;
			productType = "com.apple.product-type.bundle.ui-testing";
		};
/* End PBXNativeTarget section */

/* Begin PBXProject section */
		30FBA88523F1F61B000B823C /* Project object */ = {
			isa = PBXProject;
			attributes = {
				LastSwiftUpdateCheck = 1130;
				LastUpgradeCheck = 1130;
				ORGANIZATIONNAME = codepath;
				TargetAttributes = {
					30FBA88C23F1F61B000B823C = {
						CreatedOnToolsVersion = 11.3.1;
					};
					30FBA8A223F1F621000B823C = {
						CreatedOnToolsVersion = 11.3.1;
						TestTargetID = 30FBA88C23F1F61B000B823C;
					};
					30FBA8AD23F1F621000B823C = {
						CreatedOnToolsVersion = 11.3.1;
						TestTargetID = 30FBA88C23F1F61B000B823C;
					};
				};
			};
			buildConfigurationList = 30FBA88823F1F61B000B823C /* Build configuration list for PBXProject "Flix" */;
			compatibilityVersion = "Xcode 9.3";
			developmentRegion = en;
			hasScannedForEncodings = 0;
			knownRegions = (
				en,
				Base,
			);
			mainGroup = 30FBA88423F1F61B000B823C;
			productRefGroup = 30FBA88E23F1F61B000B823C /* Products */;
			projectDirPath = "";
			projectRoot = "";
			targets = (
				30FBA88C23F1F61B000B823C /* Flix */,
				30FBA8A223F1F621000B823C /* FlixTests */,
				30FBA8AD23F1F621000B823C /* FlixUITests */,
			);
		};
/* End PBXProject section */

/* Begin PBXResourcesBuildPhase section */
		30FBA88B23F1F61B000B823C /* Resources */ = {
			isa = PBXResourcesBuildPhase;
			buildActionMask = 2147483647;
			files = (
				30FBA89D23F1F621000B823C /* LaunchScreen.storyboard in Resources */,
				30FBA89A23F1F621000B823C /* Assets.xcassets in Resources */,
				30FBA89823F1F61B000B823C /* Main.storyboard in Resources */,
			);
			runOnlyForDeploymentPostprocessing = 0;
		};
		30FBA8A123F1F621000B823C /* Resources */ = {
			isa = PBXResourcesBuildPhase;
			buildActionMask = 2147483647;
			files = (
			);
			runOnlyForDeploymentPostprocessing = 0;
		};
		30FBA8AC23F1F621000B823C /* Resources */ = {
			isa = PBXResourcesBuildPhase;
			buildActionMask = 2147483647;
			files = (
			);
			runOnlyForDeploymentPostprocessing = 0;
		};
/* End PBXResourcesBuildPhase section */

/* Begin PBXSourcesBuildPhase section */
		30FBA88923F1F61B000B823C /* Sources */ = {
			isa = PBXSourcesBuildPhase;
			buildActionMask = 2147483647;
			files = (
				30FBA89523F1F61B000B823C /* ViewController.swift in Sources */,
				30FBA89123F1F61B000B823C /* AppDelegate.swift in Sources */,
				30FBA89323F1F61B000B823C /* SceneDelegate.swift in Sources */,
			);
			runOnlyForDeploymentPostprocessing = 0;
		};
		30FBA89F23F1F621000B823C /* Sources */ = {
			isa = PBXSourcesBuildPhase;
			buildActionMask = 2147483647;
			files = (
				30FBA8A823F1F621000B823C /* FlixTests.swift in Sources */,
			);
			runOnlyForDeploymentPostprocessing = 0;
		};
		30FBA8AA23F1F621000B823C /* Sources */ = {
			isa = PBXSourcesBuildPhase;
			buildActionMask = 2147483647;
			files = (
				30FBA8B323F1F621000B823C /* FlixUITests.swift in Sources */,
			);
			runOnlyForDeploymentPostprocessing = 0;
		};
/* End PBXSourcesBuildPhase section */

/* Begin PBXTargetDependency section */
		30FBA8A523F1F621000B823C /* PBXTargetDependency */ = {
			isa = PBXTargetDependency;
			target = 30FBA88C23F1F61B000B823C /* Flix */;
			targetProxy = 30FBA8A423F1F621000B823C /* PBXContainerItemProxy */;
		};
		30FBA8B023F1F621000B823C /* PBXTargetDependency */ = {
			isa = PBXTargetDependency;
			target = 30FBA88C23F1F61B000B823C /* Flix */;
			targetProxy = 30FBA8AF23F1F621000B823C /* PBXContainerItemProxy */;
		};
/* End PBXTargetDependency section */

/* Begin PBXVariantGroup section */
		30FBA89623F1F61B000B823C /* Main.storyboard */ = {
			isa = PBXVariantGroup;
			children = (
				30FBA89723F1F61B000B823C /* Base */,
			);
			name = Main.storyboard;
			sourceTree = "<group>";
		};
		30FBA89B23F1F621000B823C /* LaunchScreen.storyboard */ = {
			isa = PBXVariantGroup;
			children = (
				30FBA89C23F1F621000B823C /* Base */,
			);
			name = LaunchScreen.storyboard;
			sourceTree = "<group>";
		};
/* End PBXVariantGroup section */

/* Begin XCBuildConfiguration section */
		30FBA8B523F1F621000B823C /* Debug */ = {
			isa = XCBuildConfiguration;
			buildSettings = {
				ALWAYS_SEARCH_USER_PATHS = NO;
				CLANG_ANALYZER_NONNULL = YES;
				CLANG_ANALYZER_NUMBER_OBJECT_CONVERSION = YES_AGGRESSIVE;
				CLANG_CXX_LANGUAGE_STANDARD = "gnu++14";
				CLANG_CXX_LIBRARY = "libc++";
				CLANG_ENABLE_MODULES = YES;
				CLANG_ENABLE_OBJC_ARC = YES;
				CLANG_ENABLE_OBJC_WEAK = YES;
				CLANG_WARN_BLOCK_CAPTURE_AUTORELEASING = YES;
				CLANG_WARN_BOOL_CONVERSION = YES;
				CLANG_WARN_COMMA = YES;
				CLANG_WARN_CONSTANT_CONVERSION = YES;
				CLANG_WARN_DEPRECATED_OBJC_IMPLEMENTATIONS = YES;
				CLANG_WARN_DIRECT_OBJC_ISA_USAGE = YES_ERROR;
				CLANG_WARN_DOCUMENTATION_COMMENTS = YES;
				CLANG_WARN_EMPTY_BODY = YES;
				CLANG_WARN_ENUM_CONVERSION = YES;
				CLANG_WARN_INFINITE_RECURSION = YES;
				CLANG_WARN_INT_CONVERSION = YES;
				CLANG_WARN_NON_LITERAL_NULL_CONVERSION = YES;
				CLANG_WARN_OBJC_IMPLICIT_RETAIN_SELF = YES;
				CLANG_WARN_OBJC_LITERAL_CONVERSION = YES;
				CLANG_WARN_OBJC_ROOT_CLASS = YES_ERROR;
				CLANG_WARN_RANGE_LOOP_ANALYSIS = YES;
				CLANG_WARN_STRICT_PROTOTYPES = YES;
				CLANG_WARN_SUSPICIOUS_MOVE = YES;
				CLANG_WARN_UNGUARDED_AVAILABILITY = YES_AGGRESSIVE;
				CLANG_WARN_UNREACHABLE_CODE = YES;
				CLANG_WARN__DUPLICATE_METHOD_MATCH = YES;
				COPY_PHASE_STRIP = NO;
				DEBUG_INFORMATION_FORMAT = dwarf;
				ENABLE_STRICT_OBJC_MSGSEND = YES;
				ENABLE_TESTABILITY = YES;
				GCC_C_LANGUAGE_STANDARD = gnu11;
				GCC_DYNAMIC_NO_PIC = NO;
				GCC_NO_COMMON_BLOCKS = YES;
				GCC_OPTIMIZATION_LEVEL = 0;
				GCC_PREPROCESSOR_DEFINITIONS = (
					"DEBUG=1",
					"$(inherited)",
				);
				GCC_WARN_64_TO_32_BIT_CONVERSION = YES;
				GCC_WARN_ABOUT_RETURN_TYPE = YES_ERROR;
				GCC_WARN_UNDECLARED_SELECTOR = YES;
				GCC_WARN_UNINITIALIZED_AUTOS = YES_AGGRESSIVE;
				GCC_WARN_UNUSED_FUNCTION = YES;
				GCC_WARN_UNUSED_VARIABLE = YES;
				IPHONEOS_DEPLOYMENT_TARGET = 13.2;
				MTL_ENABLE_DEBUG_INFO = INCLUDE_SOURCE;
				MTL_FAST_MATH = YES;
				ONLY_ACTIVE_ARCH = YES;
				SDKROOT = iphoneos;
				SWIFT_ACTIVE_COMPILATION_CONDITIONS = DEBUG;
				SWIFT_OPTIMIZATION_LEVEL = "-Onone";
			};
			name = Debug;
		};
		30FBA8B623F1F621000B823C /* Release */ = {
			isa = XCBuildConfiguration;
			buildSettings = {
				ALWAYS_SEARCH_USER_PATHS = NO;
				CLANG_ANALYZER_NONNULL = YES;
				CLANG_ANALYZER_NUMBER_OBJECT_CONVERSION = YES_AGGRESSIVE;
				CLANG_CXX_LANGUAGE_STANDARD = "gnu++14";
				CLANG_CXX_LIBRARY = "libc++";
				CLANG_ENABLE_MODULES = YES;
				CLANG_ENABLE_OBJC_ARC = YES;
				CLANG_ENABLE_OBJC_WEAK = YES;
				CLANG_WARN_BLOCK_CAPTURE_AUTORELEASING = YES;
				CLANG_WARN_BOOL_CONVERSION = YES;
				CLANG_WARN_COMMA = YES;
				CLANG_WARN_CONSTANT_CONVERSION = YES;
				CLANG_WARN_DEPRECATED_OBJC_IMPLEMENTATIONS = YES;
				CLANG_WARN_DIRECT_OBJC_ISA_USAGE = YES_ERROR;
				CLANG_WARN_DOCUMENTATION_COMMENTS = YES;
				CLANG_WARN_EMPTY_BODY = YES;
				CLANG_WARN_ENUM_CONVERSION = YES;
				CLANG_WARN_INFINITE_RECURSION = YES;
				CLANG_WARN_INT_CONVERSION = YES;
				CLANG_WARN_NON_LITERAL_NULL_CONVERSION = YES;
				CLANG_WARN_OBJC_IMPLICIT_RETAIN_SELF = YES;
				CLANG_WARN_OBJC_LITERAL_CONVERSION = YES;
				CLANG_WARN_OBJC_ROOT_CLASS = YES_ERROR;
				CLANG_WARN_RANGE_LOOP_ANALYSIS = YES;
				CLANG_WARN_STRICT_PROTOTYPES = YES;
				CLANG_WARN_SUSPICIOUS_MOVE = YES;
				CLANG_WARN_UNGUARDED_AVAILABILITY = YES_AGGRESSIVE;
				CLANG_WARN_UNREACHABLE_CODE = YES;
				CLANG_WARN__DUPLICATE_METHOD_MATCH = YES;
				COPY_PHASE_STRIP = NO;
				DEBUG_INFORMATION_FORMAT = "dwarf-with-dsym";
				ENABLE_NS_ASSERTIONS = NO;
				ENABLE_STRICT_OBJC_MSGSEND = YES;
				GCC_C_LANGUAGE_STANDARD = gnu11;
				GCC_NO_COMMON_BLOCKS = YES;
				GCC_WARN_64_TO_32_BIT_CONVERSION = YES;
				GCC_WARN_ABOUT_RETURN_TYPE = YES_ERROR;
				GCC_WARN_UNDECLARED_SELECTOR = YES;
				GCC_WARN_UNINITIALIZED_AUTOS = YES_AGGRESSIVE;
				GCC_WARN_UNUSED_FUNCTION = YES;
				GCC_WARN_UNUSED_VARIABLE = YES;
				IPHONEOS_DEPLOYMENT_TARGET = 13.2;
				MTL_ENABLE_DEBUG_INFO = NO;
				MTL_FAST_MATH = YES;
				SDKROOT = iphoneos;
				SWIFT_COMPILATION_MODE = wholemodule;
				SWIFT_OPTIMIZATION_LEVEL = "-O";
				VALIDATE_PRODUCT = YES;
			};
			name = Release;
		};
		30FBA8B823F1F621000B823C /* Debug */ = {
			isa = XCBuildConfiguration;
			buildSettings = {
				ASSETCATALOG_COMPILER_APPICON_NAME = AppIcon;
				CODE_SIGN_STYLE = Automatic;
				INFOPLIST_FILE = Flix/Info.plist;
				LD_RUNPATH_SEARCH_PATHS = (
					"$(inherited)",
					"@executable_path/Frameworks",
				);
				PRODUCT_BUNDLE_IDENTIFIER = com.codepath.Flix;
				PRODUCT_NAME = "$(TARGET_NAME)";
				SWIFT_VERSION = 5.0;
				TARGETED_DEVICE_FAMILY = "1,2";
			};
			name = Debug;
		};
		30FBA8B923F1F621000B823C /* Release */ = {
			isa = XCBuildConfiguration;
			buildSettings = {
				ASSETCATALOG_COMPILER_APPICON_NAME = AppIcon;
				CODE_SIGN_STYLE = Automatic;
				INFOPLIST_FILE = Flix/Info.plist;
				LD_RUNPATH_SEARCH_PATHS = (
					"$(inherited)",
					"@executable_path/Frameworks",
				);
				PRODUCT_BUNDLE_IDENTIFIER = com.codepath.Flix;
				PRODUCT_NAME = "$(TARGET_NAME)";
				SWIFT_VERSION = 5.0;
				TARGETED_DEVICE_FAMILY = "1,2";
			};
			name = Release;
		};
		30FBA8BB23F1F621000B823C /* Debug */ = {
			isa = XCBuildConfiguration;
			buildSettings = {
				ALWAYS_EMBED_SWIFT_STANDARD_LIBRARIES = YES;
				BUNDLE_LOADER = "$(TEST_HOST)";
				CODE_SIGN_STYLE = Automatic;
				INFOPLIST_FILE = FlixTests/Info.plist;
				IPHONEOS_DEPLOYMENT_TARGET = 13.2;
				LD_RUNPATH_SEARCH_PATHS = (
					"$(inherited)",
					"@executable_path/Frameworks",
					"@loader_path/Frameworks",
				);
				PRODUCT_BUNDLE_IDENTIFIER = com.codepath.FlixTests;
				PRODUCT_NAME = "$(TARGET_NAME)";
				SWIFT_VERSION = 5.0;
				TARGETED_DEVICE_FAMILY = "1,2";
				TEST_HOST = "$(BUILT_PRODUCTS_DIR)/Flix.app/Flix";
			};
			name = Debug;
		};
		30FBA8BC23F1F621000B823C /* Release */ = {
			isa = XCBuildConfiguration;
			buildSettings = {
				ALWAYS_EMBED_SWIFT_STANDARD_LIBRARIES = YES;
				BUNDLE_LOADER = "$(TEST_HOST)";
				CODE_SIGN_STYLE = Automatic;
				INFOPLIST_FILE = FlixTests/Info.plist;
				IPHONEOS_DEPLOYMENT_TARGET = 13.2;
				LD_RUNPATH_SEARCH_PATHS = (
					"$(inherited)",
					"@executable_path/Frameworks",
					"@loader_path/Frameworks",
				);
				PRODUCT_BUNDLE_IDENTIFIER = com.codepath.FlixTests;
				PRODUCT_NAME = "$(TARGET_NAME)";
				SWIFT_VERSION = 5.0;
				TARGETED_DEVICE_FAMILY = "1,2";
				TEST_HOST = "$(BUILT_PRODUCTS_DIR)/Flix.app/Flix";
			};
			name = Release;
		};
		30FBA8BE23F1F621000B823C /* Debug */ = {
			isa = XCBuildConfiguration;
			buildSettings = {
				ALWAYS_EMBED_SWIFT_STANDARD_LIBRARIES = YES;
				CODE_SIGN_STYLE = Automatic;
				INFOPLIST_FILE = FlixUITests/Info.plist;
				LD_RUNPATH_SEARCH_PATHS = (
					"$(inherited)",
					"@executable_path/Frameworks",
					"@loader_path/Frameworks",
				);
				PRODUCT_BUNDLE_IDENTIFIER = com.codepath.FlixUITests;
				PRODUCT_NAME = "$(TARGET_NAME)";
				SWIFT_VERSION = 5.0;
				TARGETED_DEVICE_FAMILY = "1,2";
				TEST_TARGET_NAME = Flix;
			};
			name = Debug;
		};
		30FBA8BF23F1F621000B823C /* Release */ = {
			isa = XCBuildConfiguration;
			buildSettings = {
				ALWAYS_EMBED_SWIFT_STANDARD_LIBRARIES = YES;
				CODE_SIGN_STYLE = Automatic;
				INFOPLIST_FILE = FlixUITests/Info.plist;
				LD_RUNPATH_SEARCH_PATHS = (
					"$(inherited)",
					"@executable_path/Frameworks",
					"@loader_path/Frameworks",
				);
				PRODUCT_BUNDLE_IDENTIFIER = com.codepath.FlixUITests;
				PRODUCT_NAME = "$(TARGET_NAME)";
				SWIFT_VERSION = 5.0;
				TARGETED_DEVICE_FAMILY = "1,2";
				TEST_TARGET_NAME = Flix;
			};
			name = Release;
		};
/* End XCBuildConfiguration section */

/* Begin XCConfigurationList section */
		30FBA88823F1F61B000B823C /* Build configuration list for PBXProject "Flix" */ = {
			isa = XCConfigurationList;
			buildConfigurations = (
				30FBA8B523F1F621000B823C /* Debug */,
				30FBA8B623F1F621000B823C /* Release */,
			);
			defaultConfigurationIsVisible = 0;
			defaultConfigurationName = Release;
		};
		30FBA8B723F1F621000B823C /* Build configuration list for PBXNativeTarget "Flix" */ = {
			isa = XCConfigurationList;
			buildConfigurations = (
				30FBA8B823F1F621000B823C /* Debug */,
				30FBA8B923F1F621000B823C /* Release */,
			);
			defaultConfigurationIsVisible = 0;
			defaultConfigurationName = Release;
		};
		30FBA8BA23F1F621000B823C /* Build configuration list for PBXNativeTarget "FlixTests" */ = {
			isa = XCConfigurationList;
			buildConfigurations = (
				30FBA8BB23F1F621000B823C /* Debug */,
				30FBA8BC23F1F621000B823C /* Release */,
			);
			defaultConfigurationIsVisible = 0;
			defaultConfigurationName = Release;
		};
		30FBA8BD23F1F621000B823C /* Build configuration list for PBXNativeTarget "FlixUITests" */ = {
			isa = XCConfigurationList;
			buildConfigurations = (
				30FBA8BE23F1F621000B823C /* Debug */,
				30FBA8BF23F1F621000B823C /* Release */,
			);
			defaultConfigurationIsVisible = 0;
			defaultConfigurationName = Release;
		};
/* End XCConfigurationList section */
	};
	rootObject = 30FBA88523F1F61B000B823C /* Project object */;
}
